
Microsoft Visual Studio Solution File, Format Version 12.00
# Visual Studio Version 16
VisualStudioVersion = 16.0.30517.126
MinimumVisualStudioVersion = 10.0.40219.1
Project("{FAE04EC0-301F-11D3-BF4B-00C04F79EFBC}") = "DemoOOAD", "DemoOOAD\DemoOOAD.csproj", "{B75434E9-CA70-4E34-A7C2-46823CEB9187}"
EndProject
Global
	GlobalSection(SolutionConfigurationPlatforms) = preSolution
		Debug|Any CPU = Debug|Any CPU
		Release|Any CPU = Release|Any CPU
	EndGlobalSection
	GlobalSection(ProjectConfigurationPlatforms) = postSolution
		{B75434E9-CA70-4E34-A7C2-46823CEB9187}.Debug|Any CPU.ActiveCfg = Debug|Any CPU
		{B75434E9-CA70-4E34-A7C2-46823CEB9187}.Debug|Any CPU.Build.0 = Debug|Any CPU
		{B75434E9-CA70-4E34-A7C2-46823CEB9187}.Release|Any CPU.ActiveCfg = Release|Any CPU
		{B75434E9-CA70-4E34-A7C2-46823CEB9187}.Release|Any CPU.Build.0 = Release|Any CPU
	EndGlobalSection
	GlobalSection(SolutionProperties) = preSolution
		HideSolutionNode = FALSE
	EndGlobalSection
	GlobalSection(ExtensibilityGlobals) = postSolution
		SolutionGuid = {9205983B-527A-443F-BC44-86AC55F170B4}
	EndGlobalSection
EndGlobal
